<?xml version="1.0" encoding="utf-8"?>
<Project ToolsVersion="4.0" xmlns="http://schemas.microsoft.com/developer/msbuild/2003">
  <ItemGroup>
    <Filter Include="System">
      <UniqueIdentifier>{54142656-740f-469a-b2d2-94ea1dabd539}</UniqueIdentifier>
    </Filter>
    <Filter Include="UI">
      <UniqueIdentifier>{59dcb76f-2364-48fc-84b3-7ddf36e947c0}</UniqueIdentifier>
    </Filter>
    <Filter Include="Renderer">
      <UniqueIdentifier>{ef0ef261-6e74-46c9-a208-30f877247fb5}</UniqueIdentifier>
    </Filter>
    <Filter Include="GameObject">
      <UniqueIdentifier>{6779a66c-7895-4f2f-b947-ffbd4deb63ae}</UniqueIdentifier>
    </Filter>
    <Filter Include="Proto">
      <UniqueIdentifier>{88efd834-261a-4732-bd90-007d85d11599}</UniqueIdentifier>
    </Filter>
    <Filter Include="Thread">
      <UniqueIdentifier>{1ecd87e5-c0b8-4087-91d7-99f4d2069de6}</UniqueIdentifier>
    </Filter>
    <Filter Include="System\Client">
      <UniqueIdentifier>{6c3bc7cc-e846-4e9d-bbe5-d18caa02b221}</UniqueIdentifier>
    </Filter>
    <Filter Include="System\Server">
      <UniqueIdentifier>{09500700-94c4-4f23-86b9-d3e35add9d5c}</UniqueIdentifier>
    </Filter>
    <Filter Include="System\Managers">
      <UniqueIdentifier>{7e5e696c-e982-4fd9-aa4f-9586fec75797}</UniqueIdentifier>
    </Filter>
    <Filter Include="System\Mesh">
      <UniqueIdentifier>{4d2d5f63-ca8b-4c71-990e-7cc9261c7902}</UniqueIdentifier>
    </Filter>
    <Filter Include="Shaders">
      <UniqueIdentifier>{e02f93bd-22ac-4938-b54b-5797fc090f3c}</UniqueIdentifier>
    </Filter>
    <Filter Include="System\Utility">
      <UniqueIdentifier>{5419d6e0-aaaf-43e3-810b-dda73c526e60}</UniqueIdentifier>
    </Filter>
  </ItemGroup>
  <ItemGroup>
    <ClCompile Include="AUIScreen.cpp">
      <Filter>UI</Filter>
    </ClCompile>
    <ClCompile Include="CustomStyles.cpp">
      <Filter>System</Filter>
    </ClCompile>
    <ClCompile Include="BaseRunner.cpp">
      <Filter>System</Filter>
    </ClCompile>
    <ClCompile Include="Time.cpp">
      <Filter>System</Filter>
    </ClCompile>
    <ClCompile Include="VAO.cpp">
      <Filter>Renderer</Filter>
    </ClCompile>
    <ClCompile Include="VBO.cpp">
      <Filter>Renderer</Filter>
    </ClCompile>
    <ClCompile Include="VFShaders.cpp">
      <Filter>Renderer</Filter>
    </ClCompile>
    <ClCompile Include="AGameObject.cpp">
      <Filter>GameObject</Filter>
    </ClCompile>
    <ClCompile Include="SceneData.grpc.pb.cc">
      <Filter>Proto</Filter>
    </ClCompile>
    <ClCompile Include="SceneData.pb.cc">
      <Filter>Proto</Filter>
    </ClCompile>
    <ClCompile Include="EBO.cpp">
      <Filter>Renderer</Filter>
    </ClCompile>
    <ClCompile Include="Mesh.cpp">
      <Filter>Renderer</Filter>
    </ClCompile>
    <ClCompile Include="IETThread.cpp">
      <Filter>Thread</Filter>
    </ClCompile>
    <ClCompile Include="ThreadPool.cpp">
      <Filter>Thread</Filter>
    </ClCompile>
    <ClCompile Include="PoolWorkerThread.cpp">
      <Filter>Thread</Filter>
    </ClCompile>
    <ClCompile Include="SceneClient.cpp">
      <Filter>System\Client</Filter>
    </ClCompile>
    <ClCompile Include="SceneServer.cpp">
      <Filter>System\Server</Filter>
    </ClCompile>
    <ClCompile Include="MeshManager.cpp">
      <Filter>System\Managers</Filter>
    </ClCompile>
    <ClCompile Include="TextureManager.cpp">
      <Filter>System\Managers</Filter>
    </ClCompile>
    <ClCompile Include="UIManager.cpp">
      <Filter>System\Managers</Filter>
    </ClCompile>
    <ClCompile Include="GameObjectManager.cpp">
      <Filter>System\Managers</Filter>
    </ClCompile>
    <ClCompile Include="main.cpp">
      <Filter>System</Filter>
    </ClCompile>
    <ClCompile Include="MeshLoader.cpp">
      <Filter>System\Mesh</Filter>
    </ClCompile>
    <ClCompile Include="MeshDataCache.cpp">
      <Filter>System\Mesh</Filter>
    </ClCompile>
    <ClCompile Include="Camera.cpp">
      <Filter>Renderer</Filter>
    </ClCompile>
    <ClCompile Include="DirLight.cpp">
      <Filter>Renderer</Filter>
    </ClCompile>
    <ClCompile Include="Light.cpp">
      <Filter>Renderer</Filter>
    </ClCompile>
    <ClCompile Include="OrthoCamera.cpp">
      <Filter>Renderer</Filter>
    </ClCompile>
    <ClCompile Include="PerspectiveCamera.cpp">
      <Filter>Renderer</Filter>
    </ClCompile>
    <ClCompile Include="PointLight.cpp">
      <Filter>Renderer</Filter>
    </ClCompile>
    <ClCompile Include="Skybox.cpp">
      <Filter>Renderer</Filter>
    </ClCompile>
    <ClCompile Include="SpotLight.cpp">
      <Filter>Renderer</Filter>
    </ClCompile>
    <ClCompile Include="ShaderManager.cpp">
      <Filter>System\Managers</Filter>
    </ClCompile>
    <ClCompile Include="MenuScreen.cpp">
      <Filter>UI</Filter>
    </ClCompile>
    <ClCompile Include="CameraManager.cpp">
      <Filter>System\Managers</Filter>
    </ClCompile>
    <ClCompile Include="StringUtils.cpp">
      <Filter>System\Utility</Filter>
    </ClCompile>
    <ClCompile Include="Input.cpp">
      <Filter>System</Filter>
    </ClCompile>
    <ClCompile Include="SceneManager.cpp">
      <Filter>System\Managers</Filter>
    </ClCompile>
    <ClCompile Include="Scene.cpp">
      <Filter>System</Filter>
    </ClCompile>
    <ClCompile Include="MeshObject.cpp">
      <Filter>GameObject</Filter>
    </ClCompile>
    <ClCompile Include="LightManager.cpp">
      <Filter>System\Managers</Filter>
    </ClCompile>
    <ClCompile Include="SceneObjTransforms.cpp" />
    <ClCompile Include="ScenePickerScreen.cpp">
      <Filter>UI</Filter>
    </ClCompile>
    <ClCompile Include="CameraController.cpp">
      <Filter>GameObject</Filter>
    </ClCompile>
    <ClCompile Include="MeshDisplay.cpp">
      <Filter>GameObject</Filter>
    </ClCompile>
  </ItemGroup>
  <ItemGroup>
    <None Include="SceneData.proto">
      <Filter>Proto</Filter>
    </None>
    <None Include="Shaders\Default.frag">
      <Filter>Shaders</Filter>
    </None>
    <None Include="Shaders\Default.vert">
      <Filter>Shaders</Filter>
    </None>
    <None Include="Shaders\Skybox.frag">
      <Filter>Shaders</Filter>
    </None>
    <None Include="Shaders\Skybox.vert">
      <Filter>Shaders</Filter>
    </None>
  </ItemGroup>
  <ItemGroup>
    <ClInclude Include="AUIScreen.h">
      <Filter>UI</Filter>
    </ClInclude>
    <ClInclude Include="CustomStyles.h">
      <Filter>System</Filter>
    </ClInclude>
    <ClInclude Include="BaseRunner.h">
      <Filter>System</Filter>
    </ClInclude>
    <ClInclude Include="Time.h">
      <Filter>System</Filter>
    </ClInclude>
    <ClInclude Include="VAO.h">
      <Filter>Renderer</Filter>
    </ClInclude>
    <ClInclude Include="VBO.h">
      <Filter>Renderer</Filter>
    </ClInclude>
    <ClInclude Include="VFShaders.h">
      <Filter>Renderer</Filter>
    </ClInclude>
    <ClInclude Include="AGameObject.h">
      <Filter>GameObject</Filter>
    </ClInclude>
    <ClInclude Include="SceneData.grpc.pb.h">
      <Filter>Proto</Filter>
    </ClInclude>
    <ClInclude Include="SceneData.pb.h">
      <Filter>Proto</Filter>
    </ClInclude>
    <ClInclude Include="EBO.h">
      <Filter>Renderer</Filter>
    </ClInclude>
    <ClInclude Include="stb_image.h">
      <Filter>System</Filter>
    </ClInclude>
    <ClInclude Include="Mesh.h">
      <Filter>Renderer</Filter>
    </ClInclude>
    <ClInclude Include="IETThread.h">
      <Filter>Thread</Filter>
    </ClInclude>
    <ClInclude Include="IExecutionEvent.h">
      <Filter>Thread</Filter>
    </ClInclude>
    <ClInclude Include="IWorkerAction.h">
      <Filter>Thread</Filter>
    </ClInclude>
    <ClInclude Include="ThreadPool.h">
      <Filter>Thread</Filter>
    </ClInclude>
    <ClInclude Include="PoolWorkerThread.h">
      <Filter>Thread</Filter>
    </ClInclude>
    <ClInclude Include="SceneClient.h">
      <Filter>System\Client</Filter>
    </ClInclude>
    <ClInclude Include="SceneServer.h">
      <Filter>System\Server</Filter>
    </ClInclude>
    <ClInclude Include="MeshManager.h">
      <Filter>System\Managers</Filter>
    </ClInclude>
    <ClInclude Include="TextureManager.h">
      <Filter>System\Managers</Filter>
    </ClInclude>
    <ClInclude Include="UIManager.h">
      <Filter>System\Managers</Filter>
    </ClInclude>
    <ClInclude Include="GameObjectManager.h">
      <Filter>System\Managers</Filter>
    </ClInclude>
    <ClInclude Include="MeshLoader.h">
      <Filter>System\Mesh</Filter>
    </ClInclude>
    <ClInclude Include="MeshDataCache.h">
      <Filter>System\Mesh</Filter>
    </ClInclude>
    <ClInclude Include="Camera.h">
      <Filter>Renderer</Filter>
    </ClInclude>
    <ClInclude Include="DirLight.h">
      <Filter>Renderer</Filter>
    </ClInclude>
    <ClInclude Include="Light.h">
      <Filter>Renderer</Filter>
    </ClInclude>
    <ClInclude Include="OrthoCamera.h">
      <Filter>Renderer</Filter>
    </ClInclude>
    <ClInclude Include="PerspectiveCamera.h">
      <Filter>Renderer</Filter>
    </ClInclude>
    <ClInclude Include="PointLight.h">
      <Filter>Renderer</Filter>
    </ClInclude>
    <ClInclude Include="Skybox.h">
      <Filter>Renderer</Filter>
    </ClInclude>
    <ClInclude Include="SpotLight.h">
      <Filter>Renderer</Filter>
    </ClInclude>
    <ClInclude Include="ShaderManager.h">
      <Filter>System\Managers</Filter>
    </ClInclude>
    <ClInclude Include="UINames.h">
      <Filter>UI</Filter>
    </ClInclude>
    <ClInclude Include="MenuScreen.h">
      <Filter>UI</Filter>
    </ClInclude>
    <ClInclude Include="CameraManager.h">
      <Filter>System\Managers</Filter>
    </ClInclude>
    <ClInclude Include="StringUtils.h">
      <Filter>System\Utility</Filter>
    </ClInclude>
    <ClInclude Include="Input.h">
      <Filter>System</Filter>
    </ClInclude>
    <ClInclude Include="SceneManager.h">
      <Filter>System\Managers</Filter>
    </ClInclude>
    <ClInclude Include="Scene.h">
      <Filter>System</Filter>
    </ClInclude>
    <ClInclude Include="MeshObject.h">
      <Filter>GameObject</Filter>
    </ClInclude>
    <ClInclude Include="LightManager.h">
      <Filter>System\Managers</Filter>
    </ClInclude>
    <ClInclude Include="SceneObjTransforms.h" />
    <ClInclude Include="ScenePickerScreen.h">
      <Filter>UI</Filter>
    </ClInclude>
    <ClInclude Include="MeshDisplay.h">
      <Filter>GameObject</Filter>
    </ClInclude>
    <ClInclude Include="CameraController.h">
      <Filter>GameObject</Filter>
    </ClInclude>
  </ItemGroup>
</Project>